
Microsoft Visual Studio Solution File, Format Version 12.00
# Visual Studio 14
VisualStudioVersion = 14.0.23107.0
MinimumVisualStudioVersion = 10.0.40219.1
Project("{FAE04EC0-301F-11D3-BF4B-00C04F79EFBC}") = "XyWeather", "XyWeather\XyWeather\XyWeather.csproj", "{09F63CFB-8AB8-4A75-8C89-A3431A1EE5F1}"
EndProject
Project("{FAE04EC0-301F-11D3-BF4B-00C04F79EFBC}") = "XyWeather.iOS", "XyWeather\XyWeather.iOS\XyWeather.iOS.csproj", "{C74B8471-537C-4968-8663-79A40E0B94BA}"
EndProject
Project("{FAE04EC0-301F-11D3-BF4B-00C04F79EFBC}") = "XyWeather.Droid", "XyWeather\XyWeather.Droid\XyWeather.Droid.csproj", "{425E4142-9F7C-4CBC-B129-0CCAB6A8338F}"
EndProject
Project("{FAE04EC0-301F-11D3-BF4B-00C04F79EFBC}") = "XyWeather.WinPhone", "XyWeather\XyWeather.WinPhone\XyWeather.WinPhone.csproj", "{4D8D4101-5D4E-442D-8805-FD9A6C392F59}"
EndProject
Global
	GlobalSection(SolutionConfigurationPlatforms) = preSolution
		Ad-Hoc|Any CPU = Ad-Hoc|Any CPU
		Ad-Hoc|ARM = Ad-Hoc|ARM
		Ad-Hoc|iPhone = Ad-Hoc|iPhone
		Ad-Hoc|iPhoneSimulator = Ad-Hoc|iPhoneSimulator
		Ad-Hoc|x86 = Ad-Hoc|x86
		AppStore|Any CPU = AppStore|Any CPU
		AppStore|ARM = AppStore|ARM
		AppStore|iPhone = AppStore|iPhone
		AppStore|iPhoneSimulator = AppStore|iPhoneSimulator
		AppStore|x86 = AppStore|x86
		Debug|Any CPU = Debug|Any CPU
		Debug|ARM = Debug|ARM
		Debug|iPhone = Debug|iPhone
		Debug|iPhoneSimulator = Debug|iPhoneSimulator
		Debug|x86 = Debug|x86
		Release|Any CPU = Release|Any CPU
		Release|ARM = Release|ARM
		Release|iPhone = Release|iPhone
		Release|iPhoneSimulator = Release|iPhoneSimulator
		Release|x86 = Release|x86
	EndGlobalSection
	GlobalSection(ProjectConfigurationPlatforms) = postSolution
		{09F63CFB-8AB8-4A75-8C89-A3431A1EE5F1}.Ad-Hoc|Any CPU.ActiveCfg = Release|Any CPU
		{09F63CFB-8AB8-4A75-8C89-A3431A1EE5F1}.Ad-Hoc|Any CPU.Build.0 = Release|Any CPU
		{09F63CFB-8AB8-4A75-8C89-A3431A1EE5F1}.Ad-Hoc|ARM.ActiveCfg = Release|Any CPU
		{09F63CFB-8AB8-4A75-8C89-A3431A1EE5F1}.Ad-Hoc|ARM.Build.0 = Release|Any CPU
		{09F63CFB-8AB8-4A75-8C89-A3431A1EE5F1}.Ad-Hoc|iPhone.ActiveCfg = Release|Any CPU
		{09F63CFB-8AB8-4A75-8C89-A3431A1EE5F1}.Ad-Hoc|iPhone.Build.0 = Release|Any CPU
		{09F63CFB-8AB8-4A75-8C89-A3431A1EE5F1}.Ad-Hoc|iPhoneSimulator.ActiveCfg = Release|Any CPU
		{09F63CFB-8AB8-4A75-8C89-A3431A1EE5F1}.Ad-Hoc|iPhoneSimulator.Build.0 = Release|Any CPU
		{09F63CFB-8AB8-4A75-8C89-A3431A1EE5F1}.Ad-Hoc|x86.ActiveCfg = Release|Any CPU
		{09F63CFB-8AB8-4A75-8C89-A3431A1EE5F1}.Ad-Hoc|x86.Build.0 = Release|Any CPU
		{09F63CFB-8AB8-4A75-8C89-A3431A1EE5F1}.AppStore|Any CPU.ActiveCfg = Release|Any CPU
		{09F63CFB-8AB8-4A75-8C89-A3431A1EE5F1}.AppStore|Any CPU.Build.0 = Release|Any CPU
		{09F63CFB-8AB8-4A75-8C89-A3431A1EE5F1}.AppStore|ARM.ActiveCfg = Release|Any CPU
		{09F63CFB-8AB8-4A75-8C89-A3431A1EE5F1}.AppStore|ARM.Build.0 = Release|Any CPU
		{09F63CFB-8AB8-4A75-8C89-A3431A1EE5F1}.AppStore|iPhone.ActiveCfg = Release|Any CPU
		{09F63CFB-8AB8-4A75-8C89-A3431A1EE5F1}.AppStore|iPhone.Build.0 = Release|Any CPU
		{09F63CFB-8AB8-4A75-8C89-A3431A1EE5F1}.AppStore|iPhoneSimulator.ActiveCfg = Release|Any CPU
		{09F63CFB-8AB8-4A75-8C89-A3431A1EE5F1}.AppStore|iPhoneSimulator.Build.0 = Release|Any CPU
		{09F63CFB-8AB8-4A75-8C89-A3431A1EE5F1}.AppStore|x86.ActiveCfg = Release|Any CPU
		{09F63CFB-8AB8-4A75-8C89-A3431A1EE5F1}.AppStore|x86.Build.0 = Release|Any CPU
		{09F63CFB-8AB8-4A75-8C89-A3431A1EE5F1}.Debug|Any CPU.ActiveCfg = Debug|Any CPU
		{09F63CFB-8AB8-4A75-8C89-A3431A1EE5F1}.Debug|Any CPU.Build.0 = Debug|Any CPU
		{09F63CFB-8AB8-4A75-8C89-A3431A1EE5F1}.Debug|ARM.ActiveCfg = Debug|Any CPU
		{09F63CFB-8AB8-4A75-8C89-A3431A1EE5F1}.Debug|ARM.Build.0 = Debug|Any CPU
		{09F63CFB-8AB8-4A75-8C89-A3431A1EE5F1}.Debug|iPhone.ActiveCfg = Debug|Any CPU
		{09F63CFB-8AB8-4A75-8C89-A3431A1EE5F1}.Debug|iPhone.Build.0 = Debug|Any CPU
		{09F63CFB-8AB8-4A75-8C89-A3431A1EE5F1}.Debug|iPhoneSimulator.ActiveCfg = Debug|Any CPU
		{09F63CFB-8AB8-4A75-8C89-A3431A1EE5F1}.Debug|iPhoneSimulator.Build.0 = Debug|Any CPU
		{09F63CFB-8AB8-4A75-8C89-A3431A1EE5F1}.Debug|x86.ActiveCfg = Debug|Any CPU
		{09F63CFB-8AB8-4A75-8C89-A3431A1EE5F1}.Debug|x86.Build.0 = Debug|Any CPU
		{09F63CFB-8AB8-4A75-8C89-A3431A1EE5F1}.Release|Any CPU.ActiveCfg = Release|Any CPU
		{09F63CFB-8AB8-4A75-8C89-A3431A1EE5F1}.Release|Any CPU.Build.0 = Release|Any CPU
		{09F63CFB-8AB8-4A75-8C89-A3431A1EE5F1}.Release|ARM.ActiveCfg = Release|Any CPU
		{09F63CFB-8AB8-4A75-8C89-A3431A1EE5F1}.Release|ARM.Build.0 = Release|Any CPU
		{09F63CFB-8AB8-4A75-8C89-A3431A1EE5F1}.Release|iPhone.ActiveCfg = Release|Any CPU
		{09F63CFB-8AB8-4A75-8C89-A3431A1EE5F1}.Release|iPhone.Build.0 = Release|Any CPU
		{09F63CFB-8AB8-4A75-8C89-A3431A1EE5F1}.Release|iPhoneSimulator.ActiveCfg = Release|Any CPU
		{09F63CFB-8AB8-4A75-8C89-A3431A1EE5F1}.Release|iPhoneSimulator.Build.0 = Release|Any CPU
		{09F63CFB-8AB8-4A75-8C89-A3431A1EE5F1}.Release|x86.ActiveCfg = Release|Any CPU
		{09F63CFB-8AB8-4A75-8C89-A3431A1EE5F1}.Release|x86.Build.0 = Release|Any CPU
		{C74B8471-537C-4968-8663-79A40E0B94BA}.Ad-Hoc|Any CPU.ActiveCfg = Ad-Hoc|iPhone
		{C74B8471-537C-4968-8663-79A40E0B94BA}.Ad-Hoc|ARM.ActiveCfg = Ad-Hoc|iPhone
		{C74B8471-537C-4968-8663-79A40E0B94BA}.Ad-Hoc|iPhone.ActiveCfg = Ad-Hoc|iPhone
		{C74B8471-537C-4968-8663-79A40E0B94BA}.Ad-Hoc|iPhone.Build.0 = Ad-Hoc|iPhone
		{C74B8471-537C-4968-8663-79A40E0B94BA}.Ad-Hoc|iPhoneSimulator.ActiveCfg = Ad-Hoc|iPhoneSimulator
		{C74B8471-537C-4968-8663-79A40E0B94BA}.Ad-Hoc|iPhoneSimulator.Build.0 = Ad-Hoc|iPhoneSimulator
		{C74B8471-537C-4968-8663-79A40E0B94BA}.Ad-Hoc|x86.ActiveCfg = Ad-Hoc|iPhone
		{C74B8471-537C-4968-8663-79A40E0B94BA}.AppStore|Any CPU.ActiveCfg = AppStore|iPhone
		{C74B8471-537C-4968-8663-79A40E0B94BA}.AppStore|ARM.ActiveCfg = AppStore|iPhone
		{C74B8471-537C-4968-8663-79A40E0B94BA}.AppStore|iPhone.ActiveCfg = AppStore|iPhone
		{C74B8471-537C-4968-8663-79A40E0B94BA}.AppStore|iPhone.Build.0 = AppStore|iPhone
		{C74B8471-537C-4968-8663-79A40E0B94BA}.AppStore|iPhoneSimulator.ActiveCfg = AppStore|iPhoneSimulator
		{C74B8471-537C-4968-8663-79A40E0B94BA}.AppStore|iPhoneSimulator.Build.0 = AppStore|iPhoneSimulator
		{C74B8471-537C-4968-8663-79A40E0B94BA}.AppStore|x86.ActiveCfg = AppStore|iPhone
		{C74B8471-537C-4968-8663-79A40E0B94BA}.Debug|Any CPU.ActiveCfg = Debug|iPhone
		{C74B8471-537C-4968-8663-79A40E0B94BA}.Debug|ARM.ActiveCfg = Debug|iPhone
		{C74B8471-537C-4968-8663-79A40E0B94BA}.Debug|iPhone.ActiveCfg = Debug|iPhone
		{C74B8471-537C-4968-8663-79A40E0B94BA}.Debug|iPhone.Build.0 = Debug|iPhone
		{C74B8471-537C-4968-8663-79A40E0B94BA}.Debug|iPhoneSimulator.ActiveCfg = Debug|iPhoneSimulator
		{C74B8471-537C-4968-8663-79A40E0B94BA}.Debug|iPhoneSimulator.Build.0 = Debug|iPhoneSimulator
		{C74B8471-537C-4968-8663-79A40E0B94BA}.Debug|x86.ActiveCfg = Debug|iPhone
		{C74B8471-537C-4968-8663-79A40E0B94BA}.Release|Any CPU.ActiveCfg = Release|iPhone
		{C74B8471-537C-4968-8663-79A40E0B94BA}.Release|ARM.ActiveCfg = Release|iPhone
		{C74B8471-537C-4968-8663-79A40E0B94BA}.Release|iPhone.ActiveCfg = Release|iPhone
		{C74B8471-537C-4968-8663-79A40E0B94BA}.Release|iPhone.Build.0 = Release|iPhone
		{C74B8471-537C-4968-8663-79A40E0B94BA}.Release|iPhoneSimulator.ActiveCfg = Release|iPhoneSimulator
		{C74B8471-537C-4968-8663-79A40E0B94BA}.Release|iPhoneSimulator.Build.0 = Release|iPhoneSimulator
		{C74B8471-537C-4968-8663-79A40E0B94BA}.Release|x86.ActiveCfg = Release|iPhone
		{425E4142-9F7C-4CBC-B129-0CCAB6A8338F}.Ad-Hoc|Any CPU.ActiveCfg = Release|Any CPU
		{425E4142-9F7C-4CBC-B129-0CCAB6A8338F}.Ad-Hoc|Any CPU.Build.0 = Release|Any CPU
		{425E4142-9F7C-4CBC-B129-0CCAB6A8338F}.Ad-Hoc|Any CPU.Deploy.0 = Release|Any CPU
		{425E4142-9F7C-4CBC-B129-0CCAB6A8338F}.Ad-Hoc|ARM.ActiveCfg = Release|Any CPU
		{425E4142-9F7C-4CBC-B129-0CCAB6A8338F}.Ad-Hoc|ARM.Build.0 = Release|Any CPU
		{425E4142-9F7C-4CBC-B129-0CCAB6A8338F}.Ad-Hoc|ARM.Deploy.0 = Release|Any CPU
		{425E4142-9F7C-4CBC-B129-0CCAB6A8338F}.Ad-Hoc|iPhone.ActiveCfg = Release|Any CPU
		{425E4142-9F7C-4CBC-B129-0CCAB6A8338F}.Ad-Hoc|iPhone.Build.0 = Release|Any CPU
		{425E4142-9F7C-4CBC-B129-0CCAB6A8338F}.Ad-Hoc|iPhone.Deploy.0 = Release|Any CPU
		{425E4142-9F7C-4CBC-B129-0CCAB6A8338F}.Ad-Hoc|iPhoneSimulator.ActiveCfg = Release|Any CPU
		{425E4142-9F7C-4CBC-B129-0CCAB6A8338F}.Ad-Hoc|iPhoneSimulator.Build.0 = Release|Any CPU
		{425E4142-9F7C-4CBC-B129-0CCAB6A8338F}.Ad-Hoc|iPhoneSimulator.Deploy.0 = Release|Any CPU
		{425E4142-9F7C-4CBC-B129-0CCAB6A8338F}.Ad-Hoc|x86.ActiveCfg = Release|Any CPU
		{425E4142-9F7C-4CBC-B129-0CCAB6A8338F}.Ad-Hoc|x86.Build.0 = Release|Any CPU
		{425E4142-9F7C-4CBC-B129-0CCAB6A8338F}.Ad-Hoc|x86.Deploy.0 = Release|Any CPU
		{425E4142-9F7C-4CBC-B129-0CCAB6A8338F}.AppStore|Any CPU.ActiveCfg = Release|Any CPU
		{425E4142-9F7C-4CBC-B129-0CCAB6A8338F}.AppStore|Any CPU.Build.0 = Release|Any CPU
		{425E4142-9F7C-4CBC-B129-0CCAB6A8338F}.AppStore|Any CPU.Deploy.0 = Release|Any CPU
		{425E4142-9F7C-4CBC-B129-0CCAB6A8338F}.AppStore|ARM.ActiveCfg = Release|Any CPU
		{425E4142-9F7C-4CBC-B129-0CCAB6A8338F}.AppStore|ARM.Build.0 = Release|Any CPU
		{425E4142-9F7C-4CBC-B129-0CCAB6A8338F}.AppStore|ARM.Deploy.0 = Release|Any CPU
		{425E4142-9F7C-4CBC-B129-0CCAB6A8338F}.AppStore|iPhone.ActiveCfg = Release|Any CPU
		{425E4142-9F7C-4CBC-B129-0CCAB6A8338F}.AppStore|iPhone.Build.0 = Release|Any CPU
		{425E4142-9F7C-4CBC-B129-0CCAB6A8338F}.AppStore|iPhone.Deploy.0 = Release|Any CPU
		{425E4142-9F7C-4CBC-B129-0CCAB6A8338F}.AppStore|iPhoneSimulator.ActiveCfg = Release|Any CPU
		{425E4142-9F7C-4CBC-B129-0CCAB6A8338F}.AppStore|iPhoneSimulator.Build.0 = Release|Any CPU
		{425E4142-9F7C-4CBC-B129-0CCAB6A8338F}.AppStore|iPhoneSimulator.Deploy.0 = Release|Any CPU
		{425E4142-9F7C-4CBC-B129-0CCAB6A8338F}.AppStore|x86.ActiveCfg = Release|Any CPU
		{425E4142-9F7C-4CBC-B129-0CCAB6A8338F}.AppStore|x86.Build.0 = Release|Any CPU
		{425E4142-9F7C-4CBC-B129-0CCAB6A8338F}.AppStore|x86.Deploy.0 = Release|Any CPU
		{425E4142-9F7C-4CBC-B129-0CCAB6A8338F}.Debug|Any CPU.ActiveCfg = Debug|Any CPU
		{425E4142-9F7C-4CBC-B129-0CCAB6A8338F}.Debug|Any CPU.Build.0 = Debug|Any CPU
		{425E4142-9F7C-4CBC-B129-0CCAB6A8338F}.Debug|Any CPU.Deploy.0 = Debug|Any CPU
		{425E4142-9F7C-4CBC-B129-0CCAB6A8338F}.Debug|ARM.ActiveCfg = Debug|Any CPU
		{425E4142-9F7C-4CBC-B129-0CCAB6A8338F}.Debug|ARM.Build.0 = Debug|Any CPU
		{425E4142-9F7C-4CBC-B129-0CCAB6A8338F}.Debug|ARM.Deploy.0 = Debug|Any CPU
		{425E4142-9F7C-4CBC-B129-0CCAB6A8338F}.Debug|iPhone.ActiveCfg = Debug|Any CPU
		{425E4142-9F7C-4CBC-B129-0CCAB6A8338F}.Debug|iPhone.Build.0 = Debug|Any CPU
		{425E4142-9F7C-4CBC-B129-0CCAB6A8338F}.Debug|iPhone.Deploy.0 = Debug|Any CPU
		{425E4142-9F7C-4CBC-B129-0CCAB6A8338F}.Debug|iPhoneSimulator.ActiveCfg = Debug|Any CPU
		{425E4142-9F7C-4CBC-B129-0CCAB6A8338F}.Debug|iPhoneSimulator.Build.0 = Debug|Any CPU
		{425E4142-9F7C-4CBC-B129-0CCAB6A8338F}.Debug|iPhoneSimulator.Deploy.0 = Debug|Any CPU
		{425E4142-9F7C-4CBC-B129-0CCAB6A8338F}.Debug|x86.ActiveCfg = Debug|Any CPU
		{425E4142-9F7C-4CBC-B129-0CCAB6A8338F}.Debug|x86.Build.0 = Debug|Any CPU
		{425E4142-9F7C-4CBC-B129-0CCAB6A8338F}.Debug|x86.Deploy.0 = Debug|Any CPU
		{425E4142-9F7C-4CBC-B129-0CCAB6A8338F}.Release|Any CPU.ActiveCfg = Release|Any CPU
		{425E4142-9F7C-4CBC-B129-0CCAB6A8338F}.Release|Any CPU.Build.0 = Release|Any CPU
		{425E4142-9F7C-4CBC-B129-0CCAB6A8338F}.Release|Any CPU.Deploy.0 = Release|Any CPU
		{425E4142-9F7C-4CBC-B129-0CCAB6A8338F}.Release|ARM.ActiveCfg = Release|Any CPU
		{425E4142-9F7C-4CBC-B129-0CCAB6A8338F}.Release|ARM.Build.0 = Release|Any CPU
		{425E4142-9F7C-4CBC-B129-0CCAB6A8338F}.Release|ARM.Deploy.0 = Release|Any CPU
		{425E4142-9F7C-4CBC-B129-0CCAB6A8338F}.Release|iPhone.ActiveCfg = Release|Any CPU
		{425E4142-9F7C-4CBC-B129-0CCAB6A8338F}.Release|iPhone.Build.0 = Release|Any CPU
		{425E4142-9F7C-4CBC-B129-0CCAB6A8338F}.Release|iPhone.Deploy.0 = Release|Any CPU
		{425E4142-9F7C-4CBC-B129-0CCAB6A8338F}.Release|iPhoneSimulator.ActiveCfg = Release|Any CPU
		{425E4142-9F7C-4CBC-B129-0CCAB6A8338F}.Release|iPhoneSimulator.Build.0 = Release|Any CPU
		{425E4142-9F7C-4CBC-B129-0CCAB6A8338F}.Release|iPhoneSimulator.Deploy.0 = Release|Any CPU
		{425E4142-9F7C-4CBC-B129-0CCAB6A8338F}.Release|x86.ActiveCfg = Release|Any CPU
		{425E4142-9F7C-4CBC-B129-0CCAB6A8338F}.Release|x86.Build.0 = Release|Any CPU
		{425E4142-9F7C-4CBC-B129-0CCAB6A8338F}.Release|x86.Deploy.0 = Release|Any CPU
		{4D8D4101-5D4E-442D-8805-FD9A6C392F59}.Ad-Hoc|Any CPU.ActiveCfg = Release|Any CPU
		{4D8D4101-5D4E-442D-8805-FD9A6C392F59}.Ad-Hoc|Any CPU.Build.0 = Release|Any CPU
		{4D8D4101-5D4E-442D-8805-FD9A6C392F59}.Ad-Hoc|Any CPU.Deploy.0 = Release|Any CPU
		{4D8D4101-5D4E-442D-8805-FD9A6C392F59}.Ad-Hoc|ARM.ActiveCfg = Release|ARM
		{4D8D4101-5D4E-442D-8805-FD9A6C392F59}.Ad-Hoc|ARM.Build.0 = Release|ARM
		{4D8D4101-5D4E-442D-8805-FD9A6C392F59}.Ad-Hoc|ARM.Deploy.0 = Release|ARM
		{4D8D4101-5D4E-442D-8805-FD9A6C392F59}.Ad-Hoc|iPhone.ActiveCfg = Release|Any CPU
		{4D8D4101-5D4E-442D-8805-FD9A6C392F59}.Ad-Hoc|iPhone.Build.0 = Release|Any CPU
		{4D8D4101-5D4E-442D-8805-FD9A6C392F59}.Ad-Hoc|iPhone.Deploy.0 = Release|Any CPU
		{4D8D4101-5D4E-442D-8805-FD9A6C392F59}.Ad-Hoc|iPhoneSimulator.ActiveCfg = Release|Any CPU
		{4D8D4101-5D4E-442D-8805-FD9A6C392F59}.Ad-Hoc|iPhoneSimulator.Build.0 = Release|Any CPU
		{4D8D4101-5D4E-442D-8805-FD9A6C392F59}.Ad-Hoc|iPhoneSimulator.Deploy.0 = Release|Any CPU
		{4D8D4101-5D4E-442D-8805-FD9A6C392F59}.Ad-Hoc|x86.ActiveCfg = Release|x86
		{4D8D4101-5D4E-442D-8805-FD9A6C392F59}.Ad-Hoc|x86.Build.0 = Release|x86
		{4D8D4101-5D4E-442D-8805-FD9A6C392F59}.Ad-Hoc|x86.Deploy.0 = Release|x86
		{4D8D4101-5D4E-442D-8805-FD9A6C392F59}.AppStore|Any CPU.ActiveCfg = Release|Any CPU
		{4D8D4101-5D4E-442D-8805-FD9A6C392F59}.AppStore|Any CPU.Build.0 = Release|Any CPU
		{4D8D4101-5D4E-442D-8805-FD9A6C392F59}.AppStore|Any CPU.Deploy.0 = Release|Any CPU
		{4D8D4101-5D4E-442D-8805-FD9A6C392F59}.AppStore|ARM.ActiveCfg = Release|ARM
		{4D8D4101-5D4E-442D-8805-FD9A6C392F59}.AppStore|ARM.Build.0 = Release|ARM
		{4D8D4101-5D4E-442D-8805-FD9A6C392F59}.AppStore|ARM.Deploy.0 = Release|ARM
		{4D8D4101-5D4E-442D-8805-FD9A6C392F59}.AppStore|iPhone.ActiveCfg = Release|Any CPU
		{4D8D4101-5D4E-442D-8805-FD9A6C392F59}.AppStore|iPhone.Build.0 = Release|Any CPU
		{4D8D4101-5D4E-442D-8805-FD9A6C392F59}.AppStore|iPhone.Deploy.0 = Release|Any CPU
		{4D8D4101-5D4E-442D-8805-FD9A6C392F59}.AppStore|iPhoneSimulator.ActiveCfg = Release|Any CPU
		{4D8D4101-5D4E-442D-8805-FD9A6C392F59}.AppStore|iPhoneSimulator.Build.0 = Release|Any CPU
		{4D8D4101-5D4E-442D-8805-FD9A6C392F59}.AppStore|iPhoneSimulator.Deploy.0 = Release|Any CPU
		{4D8D4101-5D4E-442D-8805-FD9A6C392F59}.AppStore|x86.ActiveCfg = Release|x86
		{4D8D4101-5D4E-442D-8805-FD9A6C392F59}.AppStore|x86.Build.0 = Release|x86
		{4D8D4101-5D4E-442D-8805-FD9A6C392F59}.AppStore|x86.Deploy.0 = Release|x86
		{4D8D4101-5D4E-442D-8805-FD9A6C392F59}.Debug|Any CPU.ActiveCfg = Debug|Any CPU
		{4D8D4101-5D4E-442D-8805-FD9A6C392F59}.Debug|Any CPU.Build.0 = Debug|Any CPU
		{4D8D4101-5D4E-442D-8805-FD9A6C392F59}.Debug|Any CPU.Deploy.0 = Debug|Any CPU
		{4D8D4101-5D4E-442D-8805-FD9A6C392F59}.Debug|ARM.ActiveCfg = Debug|ARM
		{4D8D4101-5D4E-442D-8805-FD9A6C392F59}.Debug|ARM.Build.0 = Debug|ARM
		{4D8D4101-5D4E-442D-8805-FD9A6C392F59}.Debug|ARM.Deploy.0 = Debug|ARM
		{4D8D4101-5D4E-442D-8805-FD9A6C392F59}.Debug|iPhone.ActiveCfg = Debug|Any CPU
		{4D8D4101-5D4E-442D-8805-FD9A6C392F59}.Debug|iPhone.Build.0 = Debug|Any CPU
		{4D8D4101-5D4E-442D-8805-FD9A6C392F59}.Debug|iPhone.Deploy.0 = Debug|Any CPU
		{4D8D4101-5D4E-442D-8805-FD9A6C392F59}.Debug|iPhoneSimulator.ActiveCfg = Debug|Any CPU
		{4D8D4101-5D4E-442D-8805-FD9A6C392F59}.Debug|iPhoneSimulator.Build.0 = Debug|Any CPU
		{4D8D4101-5D4E-442D-8805-FD9A6C392F59}.Debug|iPhoneSimulator.Deploy.0 = Debug|Any CPU
		{4D8D4101-5D4E-442D-8805-FD9A6C392F59}.Debug|x86.ActiveCfg = Debug|x86
		{4D8D4101-5D4E-442D-8805-FD9A6C392F59}.Debug|x86.Build.0 = Debug|x86
		{4D8D4101-5D4E-442D-8805-FD9A6C392F59}.Debug|x86.Deploy.0 = Debug|x86
		{4D8D4101-5D4E-442D-8805-FD9A6C392F59}.Release|Any CPU.ActiveCfg = Release|Any CPU
		{4D8D4101-5D4E-442D-8805-FD9A6C392F59}.Release|Any CPU.Build.0 = Release|Any CPU
		{4D8D4101-5D4E-442D-8805-FD9A6C392F59}.Release|Any CPU.Deploy.0 = Release|Any CPU
		{4D8D4101-5D4E-442D-8805-FD9A6C392F59}.Release|ARM.ActiveCfg = Release|ARM
		{4D8D4101-5D4E-442D-8805-FD9A6C392F59}.Release|ARM.Build.0 = Release|ARM
		{4D8D4101-5D4E-442D-8805-FD9A6C392F59}.Release|ARM.Deploy.0 = Release|ARM
		{4D8D4101-5D4E-442D-8805-FD9A6C392F59}.Release|iPhone.ActiveCfg = Release|Any CPU
		{4D8D4101-5D4E-442D-8805-FD9A6C392F59}.Release|iPhone.Build.0 = Release|Any CPU
		{4D8D4101-5D4E-442D-8805-FD9A6C392F59}.Release|iPhone.Deploy.0 = Release|Any CPU
		{4D8D4101-5D4E-442D-8805-FD9A6C392F59}.Release|iPhoneSimulator.ActiveCfg = Release|Any CPU
		{4D8D4101-5D4E-442D-8805-FD9A6C392F59}.Release|iPhoneSimulator.Build.0 = Release|Any CPU
		{4D8D4101-5D4E-442D-8805-FD9A6C392F59}.Release|iPhoneSimulator.Deploy.0 = Release|Any CPU
		{4D8D4101-5D4E-442D-8805-FD9A6C392F59}.Release|x86.ActiveCfg = Release|x86
		{4D8D4101-5D4E-442D-8805-FD9A6C392F59}.Release|x86.Build.0 = Release|x86
		{4D8D4101-5D4E-442D-8805-FD9A6C392F59}.Release|x86.Deploy.0 = Release|x86
	EndGlobalSection
	GlobalSection(SolutionProperties) = preSolution
		HideSolutionNode = FALSE
	EndGlobalSection
EndGlobal
